
Microsoft Visual Studio Solution File, Format Version 12.00
# Visual Studio Version 16
VisualStudioVersion = 16.0.30804.86
MinimumVisualStudioVersion = 10.0.40219.1
Project("{9A19103F-16F7-4668-BE54-9A1E7A4F7556}") = "MediaValet.Application", "MediaValet.Application\MediaValet.Application.csproj", "{74B446F4-5DD6-4B07-8A3A-77A361028D10}"
EndProject
Project("{9A19103F-16F7-4668-BE54-9A1E7A4F7556}") = "MediaValet.Infrastructure", "MediaValet.Infrastructure\MediaValet.Infrastructure.csproj", "{114CFFEB-56F9-48CA-9B7C-6C41DA4A31C7}"
EndProject
Project("{9A19103F-16F7-4668-BE54-9A1E7A4F7556}") = "MediaValet.Module", "MediaValet.Module\MediaValet.Module.csproj", "{7D6A4E72-7A93-4FD4-BE1B-09711DD80BFD}"
EndProject
Project("{9A19103F-16F7-4668-BE54-9A1E7A4F7556}") = "MediaValet.Agent", "MediaValet.Agent\MediaValet.Agent.csproj", "{9D615F8F-BA7E-42F3-B4D0-E71253805820}"
EndProject
Project("{FAE04EC0-301F-11D3-BF4B-00C04F79EFBC}") = "MediaValet.Application.Tests", "MediaValet.Application.Tests\MediaValet.Application.Tests.csproj", "{7FB928D1-5848-403C-9D2E-AB0E553387E4}"
EndProject
Project("{9A19103F-16F7-4668-BE54-9A1E7A4F7556}") = "MediaValet.Api", "MediaValet.Api\MediaValet.Api.csproj", "{8DA41D27-57EB-4D35-BB09-2A1A8682FB99}"
EndProject
Global
	GlobalSection(SolutionConfigurationPlatforms) = preSolution
		Debug|Any CPU = Debug|Any CPU
		Release|Any CPU = Release|Any CPU
	EndGlobalSection
	GlobalSection(ProjectConfigurationPlatforms) = postSolution
		{74B446F4-5DD6-4B07-8A3A-77A361028D10}.Debug|Any CPU.ActiveCfg = Debug|Any CPU
		{74B446F4-5DD6-4B07-8A3A-77A361028D10}.Debug|Any CPU.Build.0 = Debug|Any CPU
		{74B446F4-5DD6-4B07-8A3A-77A361028D10}.Release|Any CPU.ActiveCfg = Release|Any CPU
		{74B446F4-5DD6-4B07-8A3A-77A361028D10}.Release|Any CPU.Build.0 = Release|Any CPU
		{114CFFEB-56F9-48CA-9B7C-6C41DA4A31C7}.Debug|Any CPU.ActiveCfg = Debug|Any CPU
		{114CFFEB-56F9-48CA-9B7C-6C41DA4A31C7}.Debug|Any CPU.Build.0 = Debug|Any CPU
		{114CFFEB-56F9-48CA-9B7C-6C41DA4A31C7}.Release|Any CPU.ActiveCfg = Release|Any CPU
		{114CFFEB-56F9-48CA-9B7C-6C41DA4A31C7}.Release|Any CPU.Build.0 = Release|Any CPU
		{7D6A4E72-7A93-4FD4-BE1B-09711DD80BFD}.Debug|Any CPU.ActiveCfg = Debug|Any CPU
		{7D6A4E72-7A93-4FD4-BE1B-09711DD80BFD}.Debug|Any CPU.Build.0 = Debug|Any CPU
		{7D6A4E72-7A93-4FD4-BE1B-09711DD80BFD}.Release|Any CPU.ActiveCfg = Release|Any CPU
		{7D6A4E72-7A93-4FD4-BE1B-09711DD80BFD}.Release|Any CPU.Build.0 = Release|Any CPU
		{9D615F8F-BA7E-42F3-B4D0-E71253805820}.Debug|Any CPU.ActiveCfg = Debug|Any CPU
		{9D615F8F-BA7E-42F3-B4D0-E71253805820}.Debug|Any CPU.Build.0 = Debug|Any CPU
		{9D615F8F-BA7E-42F3-B4D0-E71253805820}.Release|Any CPU.ActiveCfg = Release|Any CPU
		{9D615F8F-BA7E-42F3-B4D0-E71253805820}.Release|Any CPU.Build.0 = Release|Any CPU
		{7FB928D1-5848-403C-9D2E-AB0E553387E4}.Debug|Any CPU.ActiveCfg = Debug|Any CPU
		{7FB928D1-5848-403C-9D2E-AB0E553387E4}.Debug|Any CPU.Build.0 = Debug|Any CPU
		{7FB928D1-5848-403C-9D2E-AB0E553387E4}.Release|Any CPU.ActiveCfg = Release|Any CPU
		{7FB928D1-5848-403C-9D2E-AB0E553387E4}.Release|Any CPU.Build.0 = Release|Any CPU
		{8DA41D27-57EB-4D35-BB09-2A1A8682FB99}.Debug|Any CPU.ActiveCfg = Debug|Any CPU
		{8DA41D27-57EB-4D35-BB09-2A1A8682FB99}.Debug|Any CPU.Build.0 = Debug|Any CPU
		{8DA41D27-57EB-4D35-BB09-2A1A8682FB99}.Release|Any CPU.ActiveCfg = Release|Any CPU
		{8DA41D27-57EB-4D35-BB09-2A1A8682FB99}.Release|Any CPU.Build.0 = Release|Any CPU
	EndGlobalSection
	GlobalSection(SolutionProperties) = preSolution
		HideSolutionNode = FALSE
	EndGlobalSection
	GlobalSection(ExtensibilityGlobals) = postSolution
		SolutionGuid = {BCC460E2-938D-4CD4-81F5-61955DA7F054}
	EndGlobalSection
EndGlobal
